
Microsoft Visual Studio Solution File, Format Version 12.00
# Visual Studio 15
VisualStudioVersion = 15.0.28010.2050
MinimumVisualStudioVersion = 10.0.40219.1
Project("{8BC9CEB8-8B4A-11D0-8D11-00A0C91BC942}") = "Lecture1_Final", "Lecture1_Final.vcxproj", "{243D09BA-F188-4176-ABBB-130DC9BC48CE}"
EndProject
Global
	GlobalSection(SolutionConfigurationPlatforms) = preSolution
		Debug|x64 = Debug|x64
		Debug|x86 = Debug|x86
		Release|x64 = Release|x64
		Release|x86 = Release|x86
	EndGlobalSection
	GlobalSection(ProjectConfigurationPlatforms) = postSolution
		{243D09BA-F188-4176-ABBB-130DC9BC48CE}.Debug|x64.ActiveCfg = Debug|x64
		{243D09BA-F188-4176-ABBB-130DC9BC48CE}.Debug|x64.Build.0 = Debug|x64
		{243D09BA-F188-4176-ABBB-130DC9BC48CE}.Debug|x86.ActiveCfg = Debug|Win32
		{243D09BA-F188-4176-ABBB-130DC9BC48CE}.Debug|x86.Build.0 = Debug|Win32
		{243D09BA-F188-4176-ABBB-130DC9BC48CE}.Release|x64.ActiveCfg = Release|x64
		{243D09BA-F188-4176-ABBB-130DC9BC48CE}.Release|x64.Build.0 = Release|x64
		{243D09BA-F188-4176-ABBB-130DC9BC48CE}.Release|x86.ActiveCfg = Release|Win32
		{243D09BA-F188-4176-ABBB-130DC9BC48CE}.Release|x86.Build.0 = Release|Win32
	EndGlobalSection
	GlobalSection(SolutionProperties) = preSolution
		HideSolutionNode = FALSE
	EndGlobalSection
	GlobalSection(ExtensibilityGlobals) = postSolution
		SolutionGuid = {84812ECF-20D1-4977-96AA-A76AB17E256E}
	EndGlobalSection
EndGlobal
