
Microsoft Visual Studio Solution File, Format Version 12.00
# Visual Studio 15
VisualStudioVersion = 15.0.28010.2050
MinimumVisualStudioVersion = 10.0.40219.1
Project("{8BC9CEB8-8B4A-11D0-8D11-00A0C91BC942}") = "Lecture2", "Lecture2.vcxproj", "{BCDE908C-A794-4AF2-82B0-69836B4292CE}"
EndProject
Global
	GlobalSection(SolutionConfigurationPlatforms) = preSolution
		Debug|x64 = Debug|x64
		Debug|x86 = Debug|x86
		Release|x64 = Release|x64
		Release|x86 = Release|x86
	EndGlobalSection
	GlobalSection(ProjectConfigurationPlatforms) = postSolution
		{BCDE908C-A794-4AF2-82B0-69836B4292CE}.Debug|x64.ActiveCfg = Debug|x64
		{BCDE908C-A794-4AF2-82B0-69836B4292CE}.Debug|x64.Build.0 = Debug|x64
		{BCDE908C-A794-4AF2-82B0-69836B4292CE}.Debug|x86.ActiveCfg = Debug|Win32
		{BCDE908C-A794-4AF2-82B0-69836B4292CE}.Debug|x86.Build.0 = Debug|Win32
		{BCDE908C-A794-4AF2-82B0-69836B4292CE}.Release|x64.ActiveCfg = Release|x64
		{BCDE908C-A794-4AF2-82B0-69836B4292CE}.Release|x64.Build.0 = Release|x64
		{BCDE908C-A794-4AF2-82B0-69836B4292CE}.Release|x86.ActiveCfg = Release|Win32
		{BCDE908C-A794-4AF2-82B0-69836B4292CE}.Release|x86.Build.0 = Release|Win32
	EndGlobalSection
	GlobalSection(SolutionProperties) = preSolution
		HideSolutionNode = FALSE
	EndGlobalSection
	GlobalSection(ExtensibilityGlobals) = postSolution
		SolutionGuid = {4921F19D-0EC1-4C96-86E6-6611016F5131}
	EndGlobalSection
EndGlobal
