<?xml version="1.0" encoding="utf-8"?>
<Project ToolsVersion="4.0" xmlns="http://schemas.microsoft.com/developer/msbuild/2003">
  <ItemGroup>
    <ClCompile Include="main.cpp" />
    <ClCompile Include="Engine\DrawFunctions.cpp">
      <Filter>Engine</Filter>
    </ClCompile>
    <ClCompile Include="Engine\Game2D.cpp">
      <Filter>Engine</Filter>
    </ClCompile>
    <ClCompile Include="Engine\Timer.cpp">
      <Filter>Engine</Filter>
    </ClCompile>
  </ItemGroup>
  <ItemGroup>
    <Filter Include="Engine">
      <UniqueIdentifier>{c2b0cde6-2b9b-49c4-b2de-47e53c86c960}</UniqueIdentifier>
    </Filter>
    <Filter Include="Examples">
      <UniqueIdentifier>{498f79f5-70d6-4e49-80b3-c68f5c210a2d}</UniqueIdentifier>
    </Filter>
  </ItemGroup>
  <ItemGroup>
    <ClInclude Include="Engine\Colors.h">
      <Filter>Engine</Filter>
    </ClInclude>
    <ClInclude Include="Engine\DrawFunctions.h">
      <Filter>Engine</Filter>
    </ClInclude>
    <ClInclude Include="Engine\Game2D.h">
      <Filter>Engine</Filter>
    </ClInclude>
    <ClInclude Include="Engine\RandomNumberGenerator.h">
      <Filter>Engine</Filter>
    </ClInclude>
    <ClInclude Include="Engine\RGB.h">
      <Filter>Engine</Filter>
    </ClInclude>
    <ClInclude Include="Engine\Timer.h">
      <Filter>Engine</Filter>
    </ClInclude>
    <ClInclude Include="Engine\Vector2.h">
      <Filter>Engine</Filter>
    </ClInclude>
    <ClInclude Include="Engine\Vector3.h">
      <Filter>Engine</Filter>
    </ClInclude>
    <ClInclude Include="Examples\PrimitivesGallery.h">
      <Filter>Examples</Filter>
    </ClInclude>
    <ClInclude Include="Triangle.h" />
    <ClInclude Include="Circle.h" />
    <ClInclude Include="GeometricObject.h" />
    <ClInclude Include="Box.h" />
  </ItemGroup>
</Project>