
Microsoft Visual Studio Solution File, Format Version 12.00
# Visual Studio 15
VisualStudioVersion = 15.0.28010.2050
MinimumVisualStudioVersion = 10.0.40219.1
Project("{8BC9CEB8-8B4A-11D0-8D11-00A0C91BC942}") = "Lecture1", "Lecture1.vcxproj", "{321284CB-3202-4026-8298-D2D1D21A8687}"
EndProject
Global
	GlobalSection(SolutionConfigurationPlatforms) = preSolution
		Debug|x64 = Debug|x64
		Debug|x86 = Debug|x86
		Release|x64 = Release|x64
		Release|x86 = Release|x86
	EndGlobalSection
	GlobalSection(ProjectConfigurationPlatforms) = postSolution
		{321284CB-3202-4026-8298-D2D1D21A8687}.Debug|x64.ActiveCfg = Debug|x64
		{321284CB-3202-4026-8298-D2D1D21A8687}.Debug|x64.Build.0 = Debug|x64
		{321284CB-3202-4026-8298-D2D1D21A8687}.Debug|x86.ActiveCfg = Debug|Win32
		{321284CB-3202-4026-8298-D2D1D21A8687}.Debug|x86.Build.0 = Debug|Win32
		{321284CB-3202-4026-8298-D2D1D21A8687}.Release|x64.ActiveCfg = Release|x64
		{321284CB-3202-4026-8298-D2D1D21A8687}.Release|x64.Build.0 = Release|x64
		{321284CB-3202-4026-8298-D2D1D21A8687}.Release|x86.ActiveCfg = Release|Win32
		{321284CB-3202-4026-8298-D2D1D21A8687}.Release|x86.Build.0 = Release|Win32
	EndGlobalSection
	GlobalSection(SolutionProperties) = preSolution
		HideSolutionNode = FALSE
	EndGlobalSection
	GlobalSection(ExtensibilityGlobals) = postSolution
		SolutionGuid = {7F2C9079-C81C-4539-964E-381BCD060A4E}
	EndGlobalSection
EndGlobal
