
Microsoft Visual Studio Solution File, Format Version 12.00
# Visual Studio 15
VisualStudioVersion = 15.0.28010.2050
MinimumVisualStudioVersion = 10.0.40219.1
Project("{8BC9CEB8-8B4A-11D0-8D11-00A0C91BC942}") = "Lecture3", "Lecture3.vcxproj", "{BE43569B-4D3C-4006-86FA-30510417B474}"
EndProject
Global
	GlobalSection(SolutionConfigurationPlatforms) = preSolution
		Debug|x64 = Debug|x64
		Debug|x86 = Debug|x86
		Release|x64 = Release|x64
		Release|x86 = Release|x86
	EndGlobalSection
	GlobalSection(ProjectConfigurationPlatforms) = postSolution
		{BE43569B-4D3C-4006-86FA-30510417B474}.Debug|x64.ActiveCfg = Debug|x64
		{BE43569B-4D3C-4006-86FA-30510417B474}.Debug|x64.Build.0 = Debug|x64
		{BE43569B-4D3C-4006-86FA-30510417B474}.Debug|x86.ActiveCfg = Debug|Win32
		{BE43569B-4D3C-4006-86FA-30510417B474}.Debug|x86.Build.0 = Debug|Win32
		{BE43569B-4D3C-4006-86FA-30510417B474}.Release|x64.ActiveCfg = Release|x64
		{BE43569B-4D3C-4006-86FA-30510417B474}.Release|x64.Build.0 = Release|x64
		{BE43569B-4D3C-4006-86FA-30510417B474}.Release|x86.ActiveCfg = Release|Win32
		{BE43569B-4D3C-4006-86FA-30510417B474}.Release|x86.Build.0 = Release|Win32
	EndGlobalSection
	GlobalSection(SolutionProperties) = preSolution
		HideSolutionNode = FALSE
	EndGlobalSection
	GlobalSection(ExtensibilityGlobals) = postSolution
		SolutionGuid = {11BD43A9-3066-44B2-8DD9-E0DFB682B0D5}
	EndGlobalSection
EndGlobal
